<?xml version="1.0" encoding="utf-8"?>
<Project ToolsVersion="4.0" xmlns="http://schemas.microsoft.com/developer/msbuild/2003">
  <ItemGroup>
    <Filter Include="Source Files">
      <UniqueIdentifier>{4FC737F1-C7A5-4376-A066-2A32D752A2FF}</UniqueIdentifier>
      <Extensions>cpp;c;cc;cxx;def;odl;idl;hpj;bat;asm;asmx</Extensions>
    </Filter>
    <Filter Include="Header Files">
      <UniqueIdentifier>{93995380-89BD-4b04-88EB-625FBE52EBFB}</UniqueIdentifier>
      <Extensions>h;hh;hpp;hxx;hm;inl;inc;xsd</Extensions>
    </Filter>
    <Filter Include="Resource Files">
      <UniqueIdentifier>{67DA6AB6-F800-4c08-8B7A-83BB121AAD01}</UniqueIdentifier>
      <Extensions>rc;ico;cur;bmp;dlg;rc2;rct;bin;rgs;gif;jpg;jpeg;jpe;resx;tiff;tif;png;wav;mfcribbon-ms</Extensions>
    </Filter>
    <Filter Include="Resource Files">
      <UniqueIdentifier>{D9D6E242-F8AF-46E4-B9FD-80ECBC20BA3E}</UniqueIdentifier>
      <Extensions>qrc;*</Extensions>
      <ParseFiles>false</ParseFiles>
    </Filter>
    <Filter Include="DatabaseTool">
      <UniqueIdentifier>{25865afb-acfb-4e18-8dbc-5ee2775d54a2}</UniqueIdentifier>
    </Filter>
    <Filter Include="Models">
      <UniqueIdentifier>{0118e4c3-a7af-4528-a7c4-3a2395fccacb}</UniqueIdentifier>
    </Filter>
    <Filter Include="Widgets">
      <UniqueIdentifier>{fe9082a6-3e3e-474f-90f1-23ea77d246f3}</UniqueIdentifier>
    </Filter>
  </ItemGroup>
  <ItemGroup>
    <ClInclude Include="ccommontools_global.h">
      <Filter>Header Files</Filter>
    </ClInclude>
    <ClCompile Include="CommonTools.cpp">
      <Filter>Source Files</Filter>
    </ClCompile>
    <ClInclude Include="CommonTools.h">
      <Filter>Header Files</Filter>
    </ClInclude>
    <ClInclude Include="DatabaseTool.h">
      <Filter>DatabaseTool</Filter>
    </ClInclude>
    <ClInclude Include="Config.h">
      <Filter>Header Files</Filter>
    </ClInclude>
    <ClInclude Include="StringHelper.h">
      <Filter>Header Files</Filter>
    </ClInclude>
    <ClInclude Include="TextEditWidget.h">
      <Filter>Widgets</Filter>
    </ClInclude>
  </ItemGroup>
  <ItemGroup>
    <ClCompile Include="DatabaseTool.cpp">
      <Filter>DatabaseTool</Filter>
    </ClCompile>
    <ClCompile Include="Config.cpp">
      <Filter>Source Files</Filter>
    </ClCompile>
    <ClCompile Include="StringHelper.cpp">
      <Filter>Source Files</Filter>
    </ClCompile>
    <ClCompile Include="tableitemmodel.cpp">
      <Filter>Models</Filter>
    </ClCompile>
    <ClCompile Include="LongTextEdit.cpp">
      <Filter>Widgets</Filter>
    </ClCompile>
    <ClCompile Include="TextEditWidget.cpp">
      <Filter>Widgets</Filter>
    </ClCompile>
    <ClCompile Include="PathListDialog.cpp">
      <Filter>Widgets</Filter>
    </ClCompile>
  </ItemGroup>
  <ItemGroup>
    <QtRcc Include="Resource.qrc">
      <Filter>Resource Files</Filter>
    </QtRcc>
  </ItemGroup>
  <ItemGroup>
    <QtMoc Include="tableitemmodel.h">
      <Filter>Models</Filter>
    </QtMoc>
    <QtMoc Include="LongTextEdit.h">
      <Filter>Widgets</Filter>
    </QtMoc>
    <QtMoc Include="PathListDialog.h">
      <Filter>Widgets</Filter>
    </QtMoc>
  </ItemGroup>
</Project>